
Microsoft Visual Studio Solution File, Format Version 12.00
# Visual Studio 15
VisualStudioVersion = 15.0.28307.102
MinimumVisualStudioVersion = 10.0.40219.1
Project("{FAE04EC0-301F-11D3-BF4B-00C04F79EFBC}") = "SyCMS.Web", "SyCMS.Web\SyCMS.Web.csproj", "{F4726A01-0916-46BC-A3EF-71B213255D5B}"
EndProject
Global
	GlobalSection(SolutionConfigurationPlatforms) = preSolution
		Debug|Any CPU = Debug|Any CPU
		Release|Any CPU = Release|Any CPU
	EndGlobalSection
	GlobalSection(ProjectConfigurationPlatforms) = postSolution
		{F4726A01-0916-46BC-A3EF-71B213255D5B}.Debug|Any CPU.ActiveCfg = Debug|Any CPU
		{F4726A01-0916-46BC-A3EF-71B213255D5B}.Debug|Any CPU.Build.0 = Debug|Any CPU
		{F4726A01-0916-46BC-A3EF-71B213255D5B}.Release|Any CPU.ActiveCfg = Release|Any CPU
		{F4726A01-0916-46BC-A3EF-71B213255D5B}.Release|Any CPU.Build.0 = Release|Any CPU
	EndGlobalSection
	GlobalSection(SolutionProperties) = preSolution
		HideSolutionNode = FALSE
	EndGlobalSection
	GlobalSection(ExtensibilityGlobals) = postSolution
		SolutionGuid = {3E4B8722-BCDA-4D80-8BEA-318D825F1D65}
	EndGlobalSection
EndGlobal
